
Microsoft Visual Studio Solution File, Format Version 12.00
# Visual Studio Version 16
VisualStudioVersion = 16.0.31112.23
MinimumVisualStudioVersion = 10.0.40219.1
Project("{2150E333-8FDC-42A3-9474-1A3956D46DE8}") = "app", "app", "{55CD3100-6897-491A-ADC7-3988CD5F7303}"
EndProject
Project("{2150E333-8FDC-42A3-9474-1A3956D46DE8}") = "tests", "tests", "{DA38D9FA-38AB-419A-AFA6-C908D03BF03B}"
EndProject
Project("{9A19103F-16F7-4668-BE54-9A1E7A4F7556}") = "Pokedex", "app\Pokedex\Pokedex.csproj", "{233CD5BD-AD6B-4E80-8B7C-B040448D224B}"
EndProject
Project("{9A19103F-16F7-4668-BE54-9A1E7A4F7556}") = "Tests", "tests\Tests\Tests.csproj", "{EB3AC7E4-E318-4043-B1E5-D72B78BB6E8E}"
EndProject
Global
	GlobalSection(SolutionConfigurationPlatforms) = preSolution
		Debug|Any CPU = Debug|Any CPU
		Release|Any CPU = Release|Any CPU
	EndGlobalSection
	GlobalSection(ProjectConfigurationPlatforms) = postSolution
		{233CD5BD-AD6B-4E80-8B7C-B040448D224B}.Debug|Any CPU.ActiveCfg = Debug|Any CPU
		{233CD5BD-AD6B-4E80-8B7C-B040448D224B}.Debug|Any CPU.Build.0 = Debug|Any CPU
		{233CD5BD-AD6B-4E80-8B7C-B040448D224B}.Release|Any CPU.ActiveCfg = Release|Any CPU
		{233CD5BD-AD6B-4E80-8B7C-B040448D224B}.Release|Any CPU.Build.0 = Release|Any CPU
		{EB3AC7E4-E318-4043-B1E5-D72B78BB6E8E}.Debug|Any CPU.ActiveCfg = Debug|Any CPU
		{EB3AC7E4-E318-4043-B1E5-D72B78BB6E8E}.Debug|Any CPU.Build.0 = Debug|Any CPU
		{EB3AC7E4-E318-4043-B1E5-D72B78BB6E8E}.Release|Any CPU.ActiveCfg = Release|Any CPU
		{EB3AC7E4-E318-4043-B1E5-D72B78BB6E8E}.Release|Any CPU.Build.0 = Release|Any CPU
	EndGlobalSection
	GlobalSection(SolutionProperties) = preSolution
		HideSolutionNode = FALSE
	EndGlobalSection
	GlobalSection(NestedProjects) = preSolution
		{233CD5BD-AD6B-4E80-8B7C-B040448D224B} = {55CD3100-6897-491A-ADC7-3988CD5F7303}
		{EB3AC7E4-E318-4043-B1E5-D72B78BB6E8E} = {DA38D9FA-38AB-419A-AFA6-C908D03BF03B}
	EndGlobalSection
	GlobalSection(ExtensibilityGlobals) = postSolution
		SolutionGuid = {5F60E460-8AC3-4FAF-ADA8-9D16E11BCA7C}
	EndGlobalSection
EndGlobal
